
Microsoft Visual Studio Solution File, Format Version 12.00
# Visual Studio Version 17
VisualStudioVersion = 17.7.34009.444
MinimumVisualStudioVersion = 10.0.40219.1
Project("{FAE04EC0-301F-11D3-BF4B-00C04F79EFBC}") = "WpfAp", "WpfAp.csproj", "{6DD63A4C-20DA-4A54-B08F-04BBB632AE3D}"
EndProject
Global
	GlobalSection(SolutionConfigurationPlatforms) = preSolution
		Debug|Any CPU = Debug|Any CPU
		Release|Any CPU = Release|Any CPU
	EndGlobalSection
	GlobalSection(ProjectConfigurationPlatforms) = postSolution
		{6DD63A4C-20DA-4A54-B08F-04BBB632AE3D}.Debug|Any CPU.ActiveCfg = Debug|Any CPU
		{6DD63A4C-20DA-4A54-B08F-04BBB632AE3D}.Debug|Any CPU.Build.0 = Debug|Any CPU
		{6DD63A4C-20DA-4A54-B08F-04BBB632AE3D}.Release|Any CPU.ActiveCfg = Release|Any CPU
		{6DD63A4C-20DA-4A54-B08F-04BBB632AE3D}.Release|Any CPU.Build.0 = Release|Any CPU
	EndGlobalSection
	GlobalSection(SolutionProperties) = preSolution
		HideSolutionNode = FALSE
	EndGlobalSection
	GlobalSection(ExtensibilityGlobals) = postSolution
		SolutionGuid = {F608C0A6-D3DD-4083-8E24-0F29E233C24E}
	EndGlobalSection
EndGlobal
